
Microsoft Visual Studio Solution File, Format Version 12.00
# Visual Studio Version 17
VisualStudioVersion = 17.12.35527.113
MinimumVisualStudioVersion = 10.0.40219.1
Project("{FAE04EC0-301F-11D3-BF4B-00C04F79EFBC}") = "FullStackTask_API", "FullStackTask_API\FullStackTask_API.csproj", "{57BD4408-B928-46AC-8DC3-E1A783C5ED40}"
EndProject
Project("{FAE04EC0-301F-11D3-BF4B-00C04F79EFBC}") = "FullStackTask_Web", "FullStackTaks_Web\FullStackTask_Web.csproj", "{68505B3E-2795-4F3D-B321-FECCC8CBE273}"
EndProject
Project("{FAE04EC0-301F-11D3-BF4B-00C04F79EFBC}") = "Utility", "Utility\Utility.csproj", "{FD76041E-9264-49F6-8952-62D7DA23EE9C}"
EndProject
Global
	GlobalSection(SolutionConfigurationPlatforms) = preSolution
		Debug|Any CPU = Debug|Any CPU
		Release|Any CPU = Release|Any CPU
	EndGlobalSection
	GlobalSection(ProjectConfigurationPlatforms) = postSolution
		{57BD4408-B928-46AC-8DC3-E1A783C5ED40}.Debug|Any CPU.ActiveCfg = Debug|Any CPU
		{57BD4408-B928-46AC-8DC3-E1A783C5ED40}.Debug|Any CPU.Build.0 = Debug|Any CPU
		{57BD4408-B928-46AC-8DC3-E1A783C5ED40}.Release|Any CPU.ActiveCfg = Release|Any CPU
		{57BD4408-B928-46AC-8DC3-E1A783C5ED40}.Release|Any CPU.Build.0 = Release|Any CPU
		{68505B3E-2795-4F3D-B321-FECCC8CBE273}.Debug|Any CPU.ActiveCfg = Debug|Any CPU
		{68505B3E-2795-4F3D-B321-FECCC8CBE273}.Debug|Any CPU.Build.0 = Debug|Any CPU
		{68505B3E-2795-4F3D-B321-FECCC8CBE273}.Release|Any CPU.ActiveCfg = Release|Any CPU
		{68505B3E-2795-4F3D-B321-FECCC8CBE273}.Release|Any CPU.Build.0 = Release|Any CPU
		{FD76041E-9264-49F6-8952-62D7DA23EE9C}.Debug|Any CPU.ActiveCfg = Debug|Any CPU
		{FD76041E-9264-49F6-8952-62D7DA23EE9C}.Debug|Any CPU.Build.0 = Debug|Any CPU
		{FD76041E-9264-49F6-8952-62D7DA23EE9C}.Release|Any CPU.ActiveCfg = Release|Any CPU
		{FD76041E-9264-49F6-8952-62D7DA23EE9C}.Release|Any CPU.Build.0 = Release|Any CPU
	EndGlobalSection
	GlobalSection(SolutionProperties) = preSolution
		HideSolutionNode = FALSE
	EndGlobalSection
EndGlobal
